
Microsoft Visual Studio Solution File, Format Version 12.00
# Visual Studio Version 16
VisualStudioVersion = 16.0.31112.23
MinimumVisualStudioVersion = 10.0.40219.1
Project("{FAE04EC0-301F-11D3-BF4B-00C04F79EFBC}") = "MagazzinoLibreria", "MagazzinoLibreria.csproj", "{D6A5D2FC-DA38-438D-A265-43A976190FBA}"
EndProject
Global
	GlobalSection(SolutionConfigurationPlatforms) = preSolution
		Debug|Any CPU = Debug|Any CPU
		Release|Any CPU = Release|Any CPU
	EndGlobalSection
	GlobalSection(ProjectConfigurationPlatforms) = postSolution
		{D6A5D2FC-DA38-438D-A265-43A976190FBA}.Debug|Any CPU.ActiveCfg = Debug|Any CPU
		{D6A5D2FC-DA38-438D-A265-43A976190FBA}.Debug|Any CPU.Build.0 = Debug|Any CPU
		{D6A5D2FC-DA38-438D-A265-43A976190FBA}.Release|Any CPU.ActiveCfg = Release|Any CPU
		{D6A5D2FC-DA38-438D-A265-43A976190FBA}.Release|Any CPU.Build.0 = Release|Any CPU
	EndGlobalSection
	GlobalSection(SolutionProperties) = preSolution
		HideSolutionNode = FALSE
	EndGlobalSection
	GlobalSection(ExtensibilityGlobals) = postSolution
		SolutionGuid = {B7235601-BAF6-4D2C-AFFE-D6D5D0A5B836}
	EndGlobalSection
EndGlobal
